
Microsoft Visual Studio Solution File, Format Version 12.00
# Visual Studio 15
VisualStudioVersion = 15.0.26730.15
MinimumVisualStudioVersion = 10.0.40219.1
Project("{FAE04EC0-301F-11D3-BF4B-00C04F79EFBC}") = "Searcher", "Searcher\Searcher.csproj", "{DC0AE023-EDE8-4259-8D0F-431687E5D370}"
EndProject
Global
	GlobalSection(SolutionConfigurationPlatforms) = preSolution
		Debug|Any CPU = Debug|Any CPU
		Release|Any CPU = Release|Any CPU
	EndGlobalSection
	GlobalSection(ProjectConfigurationPlatforms) = postSolution
		{DC0AE023-EDE8-4259-8D0F-431687E5D370}.Debug|Any CPU.ActiveCfg = Debug|Any CPU
		{DC0AE023-EDE8-4259-8D0F-431687E5D370}.Debug|Any CPU.Build.0 = Debug|Any CPU
		{DC0AE023-EDE8-4259-8D0F-431687E5D370}.Release|Any CPU.ActiveCfg = Release|Any CPU
		{DC0AE023-EDE8-4259-8D0F-431687E5D370}.Release|Any CPU.Build.0 = Release|Any CPU
	EndGlobalSection
	GlobalSection(SolutionProperties) = preSolution
		HideSolutionNode = FALSE
	EndGlobalSection
	GlobalSection(ExtensibilityGlobals) = postSolution
		SolutionGuid = {F2903310-9205-4D76-A424-980456FA7B0F}
	EndGlobalSection
EndGlobal
